{
  "name": "kitchen-sink",
  "version": "0.0.1",
  "lockfileVersion": 2,
  "requires": true,
  "packages": {
    "": {
      "version": "0.0.1",
      "devDependencies": {
        "@types/vscode": "^1.60.0",
        "@vscode/codicons": "^0.0.27",
        "esbuild": "^0.12.25",
        "immutable": "^3.8.1",
        "jsonschema": "^1.4.0",
        "svelte": "^3.42.4",
        "svelte-forms": "^2.2.1",
        "throttle-debounce": "^3.0.1"
      },
      "engines": {
        "vscode": "^1.60.0"
      }
    },
    "node_modules/@types/vscode": {
      "version": "1.62.0",
      "resolved": "https://registry.npmjs.org/@types/vscode/-/vscode-1.62.0.tgz",
      "integrity": "sha512-iGlQJ1w5e3qPUryroO6v4lxg3ql1ztdTCwQW3xEwFawdyPLoeUSv48SYfMwc7kQA7h6ThUqflZIjgKAykeF9oA==",
      "dev": true
    },
    "node_modules/@vscode/codicons": {
      "version": "0.0.27",
      "resolved": "https://registry.npmjs.org/@vscode/codicons/-/codicons-0.0.27.tgz",
      "integrity": "sha512-NpLkfzPfEOO6s2HH+ISITlaXKYB2XeoYZQY2IV39EaJV3NIBygiLqybHrVtKbaDFfeXyP8McmvvnbWd6YykpGg==",
      "dev": true
    },
    "node_modules/esbuild": {
      "version": "0.12.29",
      "resolved": "https://registry.npmjs.org/esbuild/-/esbuild-0.12.29.tgz",
      "integrity": "sha512-w/XuoBCSwepyiZtIRsKsetiLDUVGPVw1E/R3VTFSecIy8UR7Cq3SOtwKHJMFoVqqVG36aGkzh4e8BvpO1Fdc7g==",
      "dev": true,
      "hasInstallScript": true,
      "bin": {
        "esbuild": "bin/esbuild"
      }
    },
    "node_modules/immutable": {
      "version": "3.8.1",
      "resolved": "https://registry.npmjs.org/immutable/-/immutable-3.8.1.tgz",
      "integrity": "sha1-IAgH8Rqw9ycQ6khVQt4IgHX2jNI=",
      "dev": true,
      "engines": {
        "node": ">=0.10.0"
      }
    },
    "node_modules/is-promise": {
      "version": "4.0.0",
      "resolved": "https://registry.npmjs.org/is-promise/-/is-promise-4.0.0.tgz",
      "integrity": "sha512-hvpoI6korhJMnej285dSg6nu1+e6uxs7zG3BYAm5byqDsgJNWwxzM6z6iZiAgQR4TJ30JmBTOwqZUw3WlyH3AQ==",
      "dev": true
    },
    "node_modules/jsonschema": {
      "version": "1.4.0",
      "resolved": "https://registry.npmjs.org/jsonschema/-/jsonschema-1.4.0.tgz",
      "integrity": "sha512-/YgW6pRMr6M7C+4o8kS+B/2myEpHCrxO4PEWnqJNBFMjn7EWXqlQ4tGwL6xTHeRplwuZmcAncdvfOad1nT2yMw==",
      "dev": true,
      "engines": {
        "node": "*"
      }
    },
    "node_modules/svelte": {
      "version": "3.44.2",
      "resolved": "https://registry.npmjs.org/svelte/-/svelte-3.44.2.tgz",
      "integrity": "sha512-jrZhZtmH3ZMweXg1Q15onb8QlWD+a5T5Oca4C1jYvSURp2oD35h4A5TV6t6MEa93K4LlX6BkafZPdQoFjw/ylA==",
      "dev": true,
      "engines": {
        "node": ">= 8"
      }
    },
    "node_modules/svelte-forms": {
      "version": "2.2.1",
      "resolved": "https://registry.npmjs.org/svelte-forms/-/svelte-forms-2.2.1.tgz",
      "integrity": "sha512-rZLD5lvBhx2bwMLhNFfhxZ1b8Bqrud8UPvH6RACvCE/5ErJT4Vgq1pGi8mW3+XN/pWLSo1Z2PhPxhLw1NQLABg==",
      "dev": true,
      "dependencies": {
        "is-promise": "^4.0.0"
      }
    },
    "node_modules/throttle-debounce": {
      "version": "3.0.1",
      "resolved": "https://registry.npmjs.org/throttle-debounce/-/throttle-debounce-3.0.1.tgz",
      "integrity": "sha512-dTEWWNu6JmeVXY0ZYoPuH5cRIwc0MeGbJwah9KUNYSJwommQpCzTySTpEe8Gs1J23aeWEuAobe4Ag7EHVt/LOg==",
      "dev": true,
      "engines": {
        "node": ">=10"
      }
    }
  },
  "dependencies": {
    "@types/vscode": {
      "version": "1.62.0",
      "resolved": "https://registry.npmjs.org/@types/vscode/-/vscode-1.62.0.tgz",
      "integrity": "sha512-iGlQJ1w5e3qPUryroO6v4lxg3ql1ztdTCwQW3xEwFawdyPLoeUSv48SYfMwc7kQA7h6ThUqflZIjgKAykeF9oA==",
      "dev": true
    },
    "@vscode/codicons": {
      "version": "0.0.27",
      "resolved": "https://registry.npmjs.org/@vscode/codicons/-/codicons-0.0.27.tgz",
      "integrity": "sha512-NpLkfzPfEOO6s2HH+ISITlaXKYB2XeoYZQY2IV39EaJV3NIBygiLqybHrVtKbaDFfeXyP8McmvvnbWd6YykpGg==",
      "dev": true
    },
    "esbuild": {
      "version": "0.12.29",
      "resolved": "https://registry.npmjs.org/esbuild/-/esbuild-0.12.29.tgz",
      "integrity": "sha512-w/XuoBCSwepyiZtIRsKsetiLDUVGPVw1E/R3VTFSecIy8UR7Cq3SOtwKHJMFoVqqVG36aGkzh4e8BvpO1Fdc7g==",
      "dev": true
    },
    "immutable": {
      "version": "3.8.1",
      "resolved": "https://registry.npmjs.org/immutable/-/immutable-3.8.1.tgz",
      "integrity": "sha1-IAgH8Rqw9ycQ6khVQt4IgHX2jNI=",
      "dev": true
    },
    "is-promise": {
      "version": "4.0.0",
      "resolved": "https://registry.npmjs.org/is-promise/-/is-promise-4.0.0.tgz",
      "integrity": "sha512-hvpoI6korhJMnej285dSg6nu1+e6uxs7zG3BYAm5byqDsgJNWwxzM6z6iZiAgQR4TJ30JmBTOwqZUw3WlyH3AQ==",
      "dev": true
    },
    "jsonschema": {
      "version": "1.4.0",
      "resolved": "https://registry.npmjs.org/jsonschema/-/jsonschema-1.4.0.tgz",
      "integrity": "sha512-/YgW6pRMr6M7C+4o8kS+B/2myEpHCrxO4PEWnqJNBFMjn7EWXqlQ4tGwL6xTHeRplwuZmcAncdvfOad1nT2yMw==",
      "dev": true
    },
    "svelte": {
      "version": "3.44.2",
      "resolved": "https://registry.npmjs.org/svelte/-/svelte-3.44.2.tgz",
      "integrity": "sha512-jrZhZtmH3ZMweXg1Q15onb8QlWD+a5T5Oca4C1jYvSURp2oD35h4A5TV6t6MEa93K4LlX6BkafZPdQoFjw/ylA==",
      "dev": true
    },
    "svelte-forms": {
      "version": "2.2.1",
      "resolved": "https://registry.npmjs.org/svelte-forms/-/svelte-forms-2.2.1.tgz",
      "integrity": "sha512-rZLD5lvBhx2bwMLhNFfhxZ1b8Bqrud8UPvH6RACvCE/5ErJT4Vgq1pGi8mW3+XN/pWLSo1Z2PhPxhLw1NQLABg==",
      "dev": true,
      "requires": {
        "is-promise": "^4.0.0"
      }
    },
    "throttle-debounce": {
      "version": "3.0.1",
      "resolved": "https://registry.npmjs.org/throttle-debounce/-/throttle-debounce-3.0.1.tgz",
      "integrity": "sha512-dTEWWNu6JmeVXY0ZYoPuH5cRIwc0MeGbJwah9KUNYSJwommQpCzTySTpEe8Gs1J23aeWEuAobe4Ag7EHVt/LOg==",
      "dev": true
    }
  }
}
